
Microsoft Visual Studio Solution File, Format Version 12.00
# Visual Studio Version 17
VisualStudioVersion = 17.5.33627.172
MinimumVisualStudioVersion = 10.0.40219.1
Project("{FAE04EC0-301F-11D3-BF4B-00C04F79EFBC}") = "Diploma_project", "Diploma_project\Diploma_project.csproj", "{1360AA87-1955-440E-95FE-29CF410C9C05}"
EndProject
Global
	GlobalSection(SolutionConfigurationPlatforms) = preSolution
		Debug|Any CPU = Debug|Any CPU
		Release|Any CPU = Release|Any CPU
	EndGlobalSection
	GlobalSection(ProjectConfigurationPlatforms) = postSolution
		{1360AA87-1955-440E-95FE-29CF410C9C05}.Debug|Any CPU.ActiveCfg = Debug|Any CPU
		{1360AA87-1955-440E-95FE-29CF410C9C05}.Debug|Any CPU.Build.0 = Debug|Any CPU
		{1360AA87-1955-440E-95FE-29CF410C9C05}.Release|Any CPU.ActiveCfg = Release|Any CPU
		{1360AA87-1955-440E-95FE-29CF410C9C05}.Release|Any CPU.Build.0 = Release|Any CPU
	EndGlobalSection
	GlobalSection(SolutionProperties) = preSolution
		HideSolutionNode = FALSE
	EndGlobalSection
	GlobalSection(ExtensibilityGlobals) = postSolution
		SolutionGuid = {F4ACC10B-3703-4F4E-B9FE-21ED019B3875}
	EndGlobalSection
EndGlobal
